
Microsoft Visual Studio Solution File, Format Version 12.00
# Visual Studio Version 17
VisualStudioVersion = 17.7.34024.191
MinimumVisualStudioVersion = 10.0.40219.1
Project("{8BC9CEB8-8B4A-11D0-8D11-00A0C91BC942}") = "C++ First Project", "C++ First Project\C++ First Project.vcxproj", "{A41753E0-0ACE-4B17-B889-CCB3F0110F82}"
EndProject
Global
	GlobalSection(SolutionConfigurationPlatforms) = preSolution
		Debug|x64 = Debug|x64
		Debug|x86 = Debug|x86
		Release|x64 = Release|x64
		Release|x86 = Release|x86
	EndGlobalSection
	GlobalSection(ProjectConfigurationPlatforms) = postSolution
		{A41753E0-0ACE-4B17-B889-CCB3F0110F82}.Debug|x64.ActiveCfg = Debug|x64
		{A41753E0-0ACE-4B17-B889-CCB3F0110F82}.Debug|x64.Build.0 = Debug|x64
		{A41753E0-0ACE-4B17-B889-CCB3F0110F82}.Debug|x86.ActiveCfg = Debug|Win32
		{A41753E0-0ACE-4B17-B889-CCB3F0110F82}.Debug|x86.Build.0 = Debug|Win32
		{A41753E0-0ACE-4B17-B889-CCB3F0110F82}.Release|x64.ActiveCfg = Release|x64
		{A41753E0-0ACE-4B17-B889-CCB3F0110F82}.Release|x64.Build.0 = Release|x64
		{A41753E0-0ACE-4B17-B889-CCB3F0110F82}.Release|x86.ActiveCfg = Release|Win32
		{A41753E0-0ACE-4B17-B889-CCB3F0110F82}.Release|x86.Build.0 = Release|Win32
	EndGlobalSection
	GlobalSection(SolutionProperties) = preSolution
		HideSolutionNode = FALSE
	EndGlobalSection
	GlobalSection(ExtensibilityGlobals) = postSolution
		SolutionGuid = {3B803778-A1D8-4B3C-9505-877372F49A3A}
	EndGlobalSection
EndGlobal
